{
  "name": "Ping",
  "version": "0.2.0",
  "lockfileVersion": 2,
  "requires": true,
  "packages": {
    "": {
      "name": "Ping",
      "version": "0.2.0",
      "license": "MIT",
      "dependencies": {
        "nodemailer": "^6.8.0",
        "ping-monitor": "^0.2.0"
      },
      "engines": {
        "node": "^8.12.0",
        "npm": "^6.4.1"
      }
    },
    "node_modules/nodemailer": {
      "version": "6.8.0",
      "resolved": "https://registry.npmjs.org/nodemailer/-/nodemailer-6.8.0.tgz",
      "integrity": "sha512-EjYvSmHzekz6VNkNd12aUqAco+bOkRe3Of5jVhltqKhEsjw/y0PYPJfp83+s9Wzh1dspYAkUW/YNQ350NATbSQ==",
      "engines": {
        "node": ">=6.0.0"
      }
    },
    "node_modules/ping-monitor": {
      "version": "0.2.0",
      "resolved": "https://registry.npmjs.org/ping-monitor/-/ping-monitor-0.2.0.tgz",
      "integrity": "sha512-q8sDJn7eRDVXktQTjALowEXUNaMpAtpZtHEQcy4VowXX1qaYL8vGFNClYJq5OWXTVPvT0iLVUEaWFsnTLf+oVA==",
      "engines": {
        "node": ">=0.10.x",
        "npm": ">=1.3.x"
      }
    }
  },
  "dependencies": {
    "nodemailer": {
      "version": "6.8.0",
      "resolved": "https://registry.npmjs.org/nodemailer/-/nodemailer-6.8.0.tgz",
      "integrity": "sha512-EjYvSmHzekz6VNkNd12aUqAco+bOkRe3Of5jVhltqKhEsjw/y0PYPJfp83+s9Wzh1dspYAkUW/YNQ350NATbSQ=="
    },
    "ping-monitor": {
      "version": "0.2.0",
      "resolved": "https://registry.npmjs.org/ping-monitor/-/ping-monitor-0.2.0.tgz",
      "integrity": "sha512-q8sDJn7eRDVXktQTjALowEXUNaMpAtpZtHEQcy4VowXX1qaYL8vGFNClYJq5OWXTVPvT0iLVUEaWFsnTLf+oVA=="
    }
  }
}
